PODS:
  - KuiklyWebviewIOS (1.0.0):
    - OpenKuiklyIOSRender
  - NMSSH (2.3.1)
  - OpenKuiklyIOSRender (2.7.0)
  - SDWebImage (5.21.7):
    - SDWebImage/Core (= 5.21.7)
  - SDWebImage/Core (5.21.7)
  - shared (1.0)

DEPENDENCIES:
  - KuiklyWebviewIOS (from `https://github.com/Kuikly-contrib/KuiklyWebview.git`, tag `1.0.0`)
  - NMSSH (= 2.3.1)
  - OpenKuiklyIOSRender (~> 2.7.0)
  - SDWebImage
  - shared (from `../shared`)

SPEC REPOS:
  trunk:
    - NMSSH
    - OpenKuiklyIOSRender
    - SDWebImage

EXTERNAL SOURCES:
  KuiklyWebviewIOS:
    :git: https://github.com/Kuikly-contrib/KuiklyWebview.git
    :tag: 1.0.0
  shared:
    :path: "../shared"

CHECKOUT OPTIONS:
  KuiklyWebviewIOS:
    :git: https://github.com/Kuikly-contrib/KuiklyWebview.git
    :tag: 1.0.0

SPEC CHECKSUMS:
  KuiklyWebviewIOS: ee364aedfbd65165016192041811e6f6491763a7
  NMSSH: cd689ae535a1581a6dd9fd4600ff71247df510a6
  OpenKuiklyIOSRender: 2e6f7be3adae40f8167bb56a3e6803d1b18fd16e
  SDWebImage: e9fc87c1aab89a8ab1bbd74eba378c6f53be8abf
  shared: d8b6d38fd437245727fc107299c3f3235c5baae4

PODFILE CHECKSUM: 77649e8849863fe60d691a1fcf24cb834d6b74a8

COCOAPODS: 1.16.2
